
Microsoft Visual Studio Solution File, Format Version 12.00
# Visual Studio 15
VisualStudioVersion = 15.0.28307.421
MinimumVisualStudioVersion = 10.0.40219.1
Project("{FAE04EC0-301F-11D3-BF4B-00C04F79EFBC}") = "TicketReservation.Server", "TicketReservation.Server\TicketReservation.Server.csproj", "{0A16DB39-CFCF-4D4F-A54E-EED0222C7561}"
EndProject
Project("{FAE04EC0-301F-11D3-BF4B-00C04F79EFBC}") = "TicketReservation.Client", "TicketReservation.Client\TicketReservation.Client.csproj", "{C2F995F3-0494-4E53-9DC0-18BFAFCBAE0E}"
EndProject
Global
	GlobalSection(SolutionConfigurationPlatforms) = preSolution
		Debug|Any CPU = Debug|Any CPU
		Release|Any CPU = Release|Any CPU
	EndGlobalSection
	GlobalSection(ProjectConfigurationPlatforms) = postSolution
		{0A16DB39-CFCF-4D4F-A54E-EED0222C7561}.Debug|Any CPU.ActiveCfg = Debug|Any CPU
		{0A16DB39-CFCF-4D4F-A54E-EED0222C7561}.Debug|Any CPU.Build.0 = Debug|Any CPU
		{0A16DB39-CFCF-4D4F-A54E-EED0222C7561}.Release|Any CPU.ActiveCfg = Release|Any CPU
		{0A16DB39-CFCF-4D4F-A54E-EED0222C7561}.Release|Any CPU.Build.0 = Release|Any CPU
		{C2F995F3-0494-4E53-9DC0-18BFAFCBAE0E}.Debug|Any CPU.ActiveCfg = Debug|Any CPU
		{C2F995F3-0494-4E53-9DC0-18BFAFCBAE0E}.Debug|Any CPU.Build.0 = Debug|Any CPU
		{C2F995F3-0494-4E53-9DC0-18BFAFCBAE0E}.Release|Any CPU.ActiveCfg = Release|Any CPU
		{C2F995F3-0494-4E53-9DC0-18BFAFCBAE0E}.Release|Any CPU.Build.0 = Release|Any CPU
	EndGlobalSection
	GlobalSection(SolutionProperties) = preSolution
		HideSolutionNode = FALSE
	EndGlobalSection
	GlobalSection(ExtensibilityGlobals) = postSolution
		SolutionGuid = {CFE29CD4-66A9-4AC7-99F4-13AC54FA411F}
	EndGlobalSection
EndGlobal
